
Microsoft Visual Studio Solution File, Format Version 12.00
# Visual Studio Version 17
VisualStudioVersion = 17.0.31903.59
MinimumVisualStudioVersion = 10.0.40219.1
Project("{FAE04EC0-301F-11D3-BF4B-00C04F79EFBC}") = "VIPCore", "VIPCore\VIPCore.csproj", "{5E66C7F7-CE25-4704-A01A-506B451C8C19}"
EndProject
Project("{2150E333-8FDC-42A3-9474-1A3956D46DE8}") = "VIPCore-API", "VIPCore-API", "{90F8B946-DE40-DBA4-E229-237F8730A3F2}"
EndProject
Project("{FAE04EC0-301F-11D3-BF4B-00C04F79EFBC}") = "VipCoreApi", "VIPCore-API\VipCoreApi.csproj", "{6B1FA33A-BDB7-451F-9467-193EA771077C}"
EndProject
Project("{2150E333-8FDC-42A3-9474-1A3956D46DE8}") = "Modules", "Modules", "{02EA681E-C7D8-13C7-8484-4AC65E1B71E8}"
EndProject
Project("{FAE04EC0-301F-11D3-BF4B-00C04F79EFBC}") = "VIP_Bhop", "Modules\VIP_Bhop\VIP_Bhop.csproj", "{380B4CE6-6D56-4F1F-BD99-A67D7F07AA8F}"
EndProject
Project("{FAE04EC0-301F-11D3-BF4B-00C04F79EFBC}") = "VIP_Armor", "Modules\VIP_Armor\VIP_Armor.csproj", "{C3A9F196-CCA3-435B-959E-BE81E77B4EC5}"
EndProject
Project("{FAE04EC0-301F-11D3-BF4B-00C04F79EFBC}") = "VIP_AdditionalDamage", "Modules\VIP_AdditionalDamage\VIP_AdditionalDamage.csproj", "{1F750287-364F-4E41-99DC-1EF15D11D351}"
EndProject
Project("{FAE04EC0-301F-11D3-BF4B-00C04F79EFBC}") = "VIP_Health", "Modules\VIP_Health\VIP_Health.csproj", "{811D19EF-567C-5040-0401-36E1E11160F0}"
EndProject
Project("{FAE04EC0-301F-11D3-BF4B-00C04F79EFBC}") = "VIP_HealthKill", "Modules\VIP_HealthKill\VIP_HealthKill.csproj", "{76E43687-B105-4894-B140-AEEA509A275B}"
EndProject
Project("{FAE04EC0-301F-11D3-BF4B-00C04F79EFBC}") = "VIP_DamageReduction", "Modules\VIP_DamageReduction\VIP_DamageReduction.csproj", "{B5E6E08C-0122-4A04-86AD-19C3902FB50D}"
EndProject
Global
	GlobalSection(SolutionConfigurationPlatforms) = preSolution
		Debug|Any CPU = Debug|Any CPU
		Debug|x64 = Debug|x64
		Debug|x86 = Debug|x86
		Release|Any CPU = Release|Any CPU
		Release|x64 = Release|x64
		Release|x86 = Release|x86
	EndGlobalSection
	GlobalSection(ProjectConfigurationPlatforms) = postSolution
		{5E66C7F7-CE25-4704-A01A-506B451C8C19}.Debug|Any CPU.ActiveCfg = Debug|Any CPU
		{5E66C7F7-CE25-4704-A01A-506B451C8C19}.Debug|Any CPU.Build.0 = Debug|Any CPU
		{5E66C7F7-CE25-4704-A01A-506B451C8C19}.Debug|x64.ActiveCfg = Debug|Any CPU
		{5E66C7F7-CE25-4704-A01A-506B451C8C19}.Debug|x64.Build.0 = Debug|Any CPU
		{5E66C7F7-CE25-4704-A01A-506B451C8C19}.Debug|x86.ActiveCfg = Debug|Any CPU
		{5E66C7F7-CE25-4704-A01A-506B451C8C19}.Debug|x86.Build.0 = Debug|Any CPU
		{5E66C7F7-CE25-4704-A01A-506B451C8C19}.Release|Any CPU.ActiveCfg = Release|Any CPU
		{5E66C7F7-CE25-4704-A01A-506B451C8C19}.Release|Any CPU.Build.0 = Release|Any CPU
		{5E66C7F7-CE25-4704-A01A-506B451C8C19}.Release|x64.ActiveCfg = Release|Any CPU
		{5E66C7F7-CE25-4704-A01A-506B451C8C19}.Release|x64.Build.0 = Release|Any CPU
		{5E66C7F7-CE25-4704-A01A-506B451C8C19}.Release|x86.ActiveCfg = Release|Any CPU
		{5E66C7F7-CE25-4704-A01A-506B451C8C19}.Release|x86.Build.0 = Release|Any CPU
		{6B1FA33A-BDB7-451F-9467-193EA771077C}.Debug|Any CPU.ActiveCfg = Debug|Any CPU
		{6B1FA33A-BDB7-451F-9467-193EA771077C}.Debug|Any CPU.Build.0 = Debug|Any CPU
		{6B1FA33A-BDB7-451F-9467-193EA771077C}.Debug|x64.ActiveCfg = Debug|Any CPU
		{6B1FA33A-BDB7-451F-9467-193EA771077C}.Debug|x64.Build.0 = Debug|Any CPU
		{6B1FA33A-BDB7-451F-9467-193EA771077C}.Debug|x86.ActiveCfg = Debug|Any CPU
		{6B1FA33A-BDB7-451F-9467-193EA771077C}.Debug|x86.Build.0 = Debug|Any CPU
		{6B1FA33A-BDB7-451F-9467-193EA771077C}.Release|Any CPU.ActiveCfg = Release|Any CPU
		{6B1FA33A-BDB7-451F-9467-193EA771077C}.Release|Any CPU.Build.0 = Release|Any CPU
		{6B1FA33A-BDB7-451F-9467-193EA771077C}.Release|x64.ActiveCfg = Release|Any CPU
		{6B1FA33A-BDB7-451F-9467-193EA771077C}.Release|x64.Build.0 = Release|Any CPU
		{6B1FA33A-BDB7-451F-9467-193EA771077C}.Release|x86.ActiveCfg = Release|Any CPU
		{6B1FA33A-BDB7-451F-9467-193EA771077C}.Release|x86.Build.0 = Release|Any CPU
		{380B4CE6-6D56-4F1F-BD99-A67D7F07AA8F}.Debug|Any CPU.ActiveCfg = Debug|Any CPU
		{380B4CE6-6D56-4F1F-BD99-A67D7F07AA8F}.Debug|Any CPU.Build.0 = Debug|Any CPU
		{380B4CE6-6D56-4F1F-BD99-A67D7F07AA8F}.Debug|x64.ActiveCfg = Debug|Any CPU
		{380B4CE6-6D56-4F1F-BD99-A67D7F07AA8F}.Debug|x64.Build.0 = Debug|Any CPU
		{380B4CE6-6D56-4F1F-BD99-A67D7F07AA8F}.Debug|x86.ActiveCfg = Debug|Any CPU
		{380B4CE6-6D56-4F1F-BD99-A67D7F07AA8F}.Debug|x86.Build.0 = Debug|Any CPU
		{380B4CE6-6D56-4F1F-BD99-A67D7F07AA8F}.Release|Any CPU.ActiveCfg = Release|Any CPU
		{380B4CE6-6D56-4F1F-BD99-A67D7F07AA8F}.Release|Any CPU.Build.0 = Release|Any CPU
		{380B4CE6-6D56-4F1F-BD99-A67D7F07AA8F}.Release|x64.ActiveCfg = Release|Any CPU
		{380B4CE6-6D56-4F1F-BD99-A67D7F07AA8F}.Release|x64.Build.0 = Release|Any CPU
		{380B4CE6-6D56-4F1F-BD99-A67D7F07AA8F}.Release|x86.ActiveCfg = Release|Any CPU
		{380B4CE6-6D56-4F1F-BD99-A67D7F07AA8F}.Release|x86.Build.0 = Release|Any CPU
		{C3A9F196-CCA3-435B-959E-BE81E77B4EC5}.Debug|Any CPU.ActiveCfg = Debug|Any CPU
		{C3A9F196-CCA3-435B-959E-BE81E77B4EC5}.Debug|Any CPU.Build.0 = Debug|Any CPU
		{C3A9F196-CCA3-435B-959E-BE81E77B4EC5}.Debug|x64.ActiveCfg = Debug|Any CPU
		{C3A9F196-CCA3-435B-959E-BE81E77B4EC5}.Debug|x64.Build.0 = Debug|Any CPU
		{C3A9F196-CCA3-435B-959E-BE81E77B4EC5}.Debug|x86.ActiveCfg = Debug|Any CPU
		{C3A9F196-CCA3-435B-959E-BE81E77B4EC5}.Debug|x86.Build.0 = Debug|Any CPU
		{C3A9F196-CCA3-435B-959E-BE81E77B4EC5}.Release|Any CPU.ActiveCfg = Release|Any CPU
		{C3A9F196-CCA3-435B-959E-BE81E77B4EC5}.Release|Any CPU.Build.0 = Release|Any CPU
		{C3A9F196-CCA3-435B-959E-BE81E77B4EC5}.Release|x64.ActiveCfg = Release|Any CPU
		{C3A9F196-CCA3-435B-959E-BE81E77B4EC5}.Release|x64.Build.0 = Release|Any CPU
		{C3A9F196-CCA3-435B-959E-BE81E77B4EC5}.Release|x86.ActiveCfg = Release|Any CPU
		{C3A9F196-CCA3-435B-959E-BE81E77B4EC5}.Release|x86.Build.0 = Release|Any CPU
		{1F750287-364F-4E41-99DC-1EF15D11D351}.Debug|Any CPU.ActiveCfg = Debug|Any CPU
		{1F750287-364F-4E41-99DC-1EF15D11D351}.Debug|Any CPU.Build.0 = Debug|Any CPU
		{1F750287-364F-4E41-99DC-1EF15D11D351}.Debug|x64.ActiveCfg = Debug|Any CPU
		{1F750287-364F-4E41-99DC-1EF15D11D351}.Debug|x64.Build.0 = Debug|Any CPU
		{1F750287-364F-4E41-99DC-1EF15D11D351}.Debug|x86.ActiveCfg = Debug|Any CPU
		{1F750287-364F-4E41-99DC-1EF15D11D351}.Debug|x86.Build.0 = Debug|Any CPU
		{1F750287-364F-4E41-99DC-1EF15D11D351}.Release|Any CPU.ActiveCfg = Release|Any CPU
		{1F750287-364F-4E41-99DC-1EF15D11D351}.Release|Any CPU.Build.0 = Release|Any CPU
		{1F750287-364F-4E41-99DC-1EF15D11D351}.Release|x64.ActiveCfg = Release|Any CPU
		{1F750287-364F-4E41-99DC-1EF15D11D351}.Release|x64.Build.0 = Release|Any CPU
		{1F750287-364F-4E41-99DC-1EF15D11D351}.Release|x86.ActiveCfg = Release|Any CPU
		{1F750287-364F-4E41-99DC-1EF15D11D351}.Release|x86.Build.0 = Release|Any CPU
		{811D19EF-567C-5040-0401-36E1E11160F0}.Debug|Any CPU.ActiveCfg = Debug|Any CPU
		{811D19EF-567C-5040-0401-36E1E11160F0}.Debug|Any CPU.Build.0 = Debug|Any CPU
		{811D19EF-567C-5040-0401-36E1E11160F0}.Debug|x64.ActiveCfg = Debug|Any CPU
		{811D19EF-567C-5040-0401-36E1E11160F0}.Debug|x64.Build.0 = Debug|Any CPU
		{811D19EF-567C-5040-0401-36E1E11160F0}.Debug|x86.ActiveCfg = Debug|Any CPU
		{811D19EF-567C-5040-0401-36E1E11160F0}.Debug|x86.Build.0 = Debug|Any CPU
		{811D19EF-567C-5040-0401-36E1E11160F0}.Release|Any CPU.ActiveCfg = Release|Any CPU
		{811D19EF-567C-5040-0401-36E1E11160F0}.Release|Any CPU.Build.0 = Release|Any CPU
		{811D19EF-567C-5040-0401-36E1E11160F0}.Release|x64.ActiveCfg = Release|Any CPU
		{811D19EF-567C-5040-0401-36E1E11160F0}.Release|x64.Build.0 = Release|Any CPU
		{811D19EF-567C-5040-0401-36E1E11160F0}.Release|x86.ActiveCfg = Release|Any CPU
		{811D19EF-567C-5040-0401-36E1E11160F0}.Release|x86.Build.0 = Release|Any CPU
		{76E43687-B105-4894-B140-AEEA509A275B}.Debug|Any CPU.ActiveCfg = Debug|Any CPU
		{76E43687-B105-4894-B140-AEEA509A275B}.Debug|Any CPU.Build.0 = Debug|Any CPU
		{76E43687-B105-4894-B140-AEEA509A275B}.Debug|x64.ActiveCfg = Debug|Any CPU
		{76E43687-B105-4894-B140-AEEA509A275B}.Debug|x64.Build.0 = Debug|Any CPU
		{76E43687-B105-4894-B140-AEEA509A275B}.Debug|x86.ActiveCfg = Debug|Any CPU
		{76E43687-B105-4894-B140-AEEA509A275B}.Debug|x86.Build.0 = Debug|Any CPU
		{76E43687-B105-4894-B140-AEEA509A275B}.Release|Any CPU.ActiveCfg = Release|Any CPU
		{76E43687-B105-4894-B140-AEEA509A275B}.Release|Any CPU.Build.0 = Release|Any CPU
		{76E43687-B105-4894-B140-AEEA509A275B}.Release|x64.ActiveCfg = Release|Any CPU
		{76E43687-B105-4894-B140-AEEA509A275B}.Release|x64.Build.0 = Release|Any CPU
		{76E43687-B105-4894-B140-AEEA509A275B}.Release|x86.ActiveCfg = Release|Any CPU
		{76E43687-B105-4894-B140-AEEA509A275B}.Release|x86.Build.0 = Release|Any CPU
		{B5E6E08C-0122-4A04-86AD-19C3902FB50D}.Debug|Any CPU.ActiveCfg = Debug|Any CPU
		{B5E6E08C-0122-4A04-86AD-19C3902FB50D}.Debug|Any CPU.Build.0 = Debug|Any CPU
		{B5E6E08C-0122-4A04-86AD-19C3902FB50D}.Debug|x64.ActiveCfg = Debug|Any CPU
		{B5E6E08C-0122-4A04-86AD-19C3902FB50D}.Debug|x64.Build.0 = Debug|Any CPU
		{B5E6E08C-0122-4A04-86AD-19C3902FB50D}.Debug|x86.ActiveCfg = Debug|Any CPU
		{B5E6E08C-0122-4A04-86AD-19C3902FB50D}.Debug|x86.Build.0 = Debug|Any CPU
		{B5E6E08C-0122-4A04-86AD-19C3902FB50D}.Release|Any CPU.ActiveCfg = Release|Any CPU
		{B5E6E08C-0122-4A04-86AD-19C3902FB50D}.Release|Any CPU.Build.0 = Release|Any CPU
		{B5E6E08C-0122-4A04-86AD-19C3902FB50D}.Release|x64.ActiveCfg = Release|Any CPU
		{B5E6E08C-0122-4A04-86AD-19C3902FB50D}.Release|x64.Build.0 = Release|Any CPU
		{B5E6E08C-0122-4A04-86AD-19C3902FB50D}.Release|x86.ActiveCfg = Release|Any CPU
		{B5E6E08C-0122-4A04-86AD-19C3902FB50D}.Release|x86.Build.0 = Release|Any CPU
	EndGlobalSection
	GlobalSection(SolutionProperties) = preSolution
		HideSolutionNode = FALSE
	EndGlobalSection
	GlobalSection(NestedProjects) = preSolution
		{6B1FA33A-BDB7-451F-9467-193EA771077C} = {90F8B946-DE40-DBA4-E229-237F8730A3F2}
		{380B4CE6-6D56-4F1F-BD99-A67D7F07AA8F} = {02EA681E-C7D8-13C7-8484-4AC65E1B71E8}
		{C3A9F196-CCA3-435B-959E-BE81E77B4EC5} = {02EA681E-C7D8-13C7-8484-4AC65E1B71E8}
		{1F750287-364F-4E41-99DC-1EF15D11D351} = {02EA681E-C7D8-13C7-8484-4AC65E1B71E8}
		{811D19EF-567C-5040-0401-36E1E11160F0} = {02EA681E-C7D8-13C7-8484-4AC65E1B71E8}
		{76E43687-B105-4894-B140-AEEA509A275B} = {02EA681E-C7D8-13C7-8484-4AC65E1B71E8}
		{B5E6E08C-0122-4A04-86AD-19C3902FB50D} = {02EA681E-C7D8-13C7-8484-4AC65E1B71E8}
	EndGlobalSection
	GlobalSection(ExtensibilityGlobals) = postSolution
		SolutionGuid = {6F969B0F-D962-4F63-BD91-3D52806C1493}
	EndGlobalSection
EndGlobal
