
Microsoft Visual Studio Solution File, Format Version 12.00
# Visual Studio Version 17
VisualStudioVersion = 17.0.31903.59
MinimumVisualStudioVersion = 10.0.40219.1
Project("{FAE04EC0-301F-11D3-BF4B-00C04F79EFBC}") = "VIPCore", "VIPCore\VIPCore.csproj", "{5E66C7F7-CE25-4704-A01A-506B451C8C19}"
EndProject
Project("{2150E333-8FDC-42A3-9474-1A3956D46DE8}") = "VIPCore-API", "VIPCore-API", "{90F8B946-DE40-DBA4-E229-237F8730A3F2}"
EndProject
Project("{FAE04EC0-301F-11D3-BF4B-00C04F79EFBC}") = "VipCoreApi", "VIPCore-API\VipCoreApi.csproj", "{6B1FA33A-BDB7-451F-9467-193EA771077C}"
EndProject
Project("{2150E333-8FDC-42A3-9474-1A3956D46DE8}") = "Modules", "Modules", "{CA253913-39DE-BFD0-C9A3-4B7EC6FBDF17}"
EndProject
Project("{FAE04EC0-301F-11D3-BF4B-00C04F79EFBC}") = "VIP_Health", "Modules\VIP_Health\VIP_Health.csproj", "{5FEA826F-FDC9-4F94-A251-A4971E198CB8}"
EndProject
Project("{FAE04EC0-301F-11D3-BF4B-00C04F79EFBC}") = "VIP_DecoyTeleport", "Modules\VIP_DecoyTeleport\VIP_DecoyTeleport.csproj", "{4338C318-1B6E-4E3B-9C79-7FE75F5B66B4}"
EndProject
Project("{FAE04EC0-301F-11D3-BF4B-00C04F79EFBC}") = "VIP_AdditionalDamage", "Modules\VIP_AdditionalDamage\VIP_AdditionalDamage.csproj", "{C4BC1B13-308E-492B-AC2B-3471DF37F943}"
EndProject
Project("{FAE04EC0-301F-11D3-BF4B-00C04F79EFBC}") = "VIP_Armor", "Modules\VIP_Armor\VIP_Armor.csproj", "{3B5E1D2C-70F3-4415-BC61-95B1D8FC8884}"
EndProject
Project("{FAE04EC0-301F-11D3-BF4B-00C04F79EFBC}") = "VIP_Bhop", "Modules\VIP_Bhop\VIP_Bhop.csproj", "{0C293772-61BA-4F27-93C6-E1CB011530D7}"
EndProject
Project("{FAE04EC0-301F-11D3-BF4B-00C04F79EFBC}") = "VIP_DamageReduction", "Modules\VIP_DamageReduction\VIP_DamageReduction.csproj", "{AD48844A-B42C-438D-A3F7-CB88CAE31176}"
EndProject
Project("{FAE04EC0-301F-11D3-BF4B-00C04F79EFBC}") = "VIP_HealthKill", "Modules\VIP_HealthKill\VIP_HealthKill.csproj", "{5DE149FB-37BD-4F17-9E0D-977039994AE6}"
EndProject
Global
	GlobalSection(SolutionConfigurationPlatforms) = preSolution
		Debug|Any CPU = Debug|Any CPU
		Debug|x64 = Debug|x64
		Debug|x86 = Debug|x86
		Release|Any CPU = Release|Any CPU
		Release|x64 = Release|x64
		Release|x86 = Release|x86
	EndGlobalSection
	GlobalSection(ProjectConfigurationPlatforms) = postSolution
		{5E66C7F7-CE25-4704-A01A-506B451C8C19}.Debug|Any CPU.ActiveCfg = Debug|Any CPU
		{5E66C7F7-CE25-4704-A01A-506B451C8C19}.Debug|Any CPU.Build.0 = Debug|Any CPU
		{5E66C7F7-CE25-4704-A01A-506B451C8C19}.Debug|x64.ActiveCfg = Debug|Any CPU
		{5E66C7F7-CE25-4704-A01A-506B451C8C19}.Debug|x64.Build.0 = Debug|Any CPU
		{5E66C7F7-CE25-4704-A01A-506B451C8C19}.Debug|x86.ActiveCfg = Debug|Any CPU
		{5E66C7F7-CE25-4704-A01A-506B451C8C19}.Debug|x86.Build.0 = Debug|Any CPU
		{5E66C7F7-CE25-4704-A01A-506B451C8C19}.Release|Any CPU.ActiveCfg = Release|Any CPU
		{5E66C7F7-CE25-4704-A01A-506B451C8C19}.Release|Any CPU.Build.0 = Release|Any CPU
		{5E66C7F7-CE25-4704-A01A-506B451C8C19}.Release|x64.ActiveCfg = Release|Any CPU
		{5E66C7F7-CE25-4704-A01A-506B451C8C19}.Release|x64.Build.0 = Release|Any CPU
		{5E66C7F7-CE25-4704-A01A-506B451C8C19}.Release|x86.ActiveCfg = Release|Any CPU
		{5E66C7F7-CE25-4704-A01A-506B451C8C19}.Release|x86.Build.0 = Release|Any CPU
		{6B1FA33A-BDB7-451F-9467-193EA771077C}.Debug|Any CPU.ActiveCfg = Debug|Any CPU
		{6B1FA33A-BDB7-451F-9467-193EA771077C}.Debug|Any CPU.Build.0 = Debug|Any CPU
		{6B1FA33A-BDB7-451F-9467-193EA771077C}.Debug|x64.ActiveCfg = Debug|Any CPU
		{6B1FA33A-BDB7-451F-9467-193EA771077C}.Debug|x64.Build.0 = Debug|Any CPU
		{6B1FA33A-BDB7-451F-9467-193EA771077C}.Debug|x86.ActiveCfg = Debug|Any CPU
		{6B1FA33A-BDB7-451F-9467-193EA771077C}.Debug|x86.Build.0 = Debug|Any CPU
		{6B1FA33A-BDB7-451F-9467-193EA771077C}.Release|Any CPU.ActiveCfg = Release|Any CPU
		{6B1FA33A-BDB7-451F-9467-193EA771077C}.Release|Any CPU.Build.0 = Release|Any CPU
		{6B1FA33A-BDB7-451F-9467-193EA771077C}.Release|x64.ActiveCfg = Release|Any CPU
		{6B1FA33A-BDB7-451F-9467-193EA771077C}.Release|x64.Build.0 = Release|Any CPU
		{6B1FA33A-BDB7-451F-9467-193EA771077C}.Release|x86.ActiveCfg = Release|Any CPU
		{6B1FA33A-BDB7-451F-9467-193EA771077C}.Release|x86.Build.0 = Release|Any CPU
		{5FEA826F-FDC9-4F94-A251-A4971E198CB8}.Debug|Any CPU.ActiveCfg = Debug|Any CPU
		{5FEA826F-FDC9-4F94-A251-A4971E198CB8}.Debug|Any CPU.Build.0 = Debug|Any CPU
		{5FEA826F-FDC9-4F94-A251-A4971E198CB8}.Debug|x64.ActiveCfg = Debug|Any CPU
		{5FEA826F-FDC9-4F94-A251-A4971E198CB8}.Debug|x64.Build.0 = Debug|Any CPU
		{5FEA826F-FDC9-4F94-A251-A4971E198CB8}.Debug|x86.ActiveCfg = Debug|Any CPU
		{5FEA826F-FDC9-4F94-A251-A4971E198CB8}.Debug|x86.Build.0 = Debug|Any CPU
		{5FEA826F-FDC9-4F94-A251-A4971E198CB8}.Release|Any CPU.ActiveCfg = Release|Any CPU
		{5FEA826F-FDC9-4F94-A251-A4971E198CB8}.Release|Any CPU.Build.0 = Release|Any CPU
		{5FEA826F-FDC9-4F94-A251-A4971E198CB8}.Release|x64.ActiveCfg = Release|Any CPU
		{5FEA826F-FDC9-4F94-A251-A4971E198CB8}.Release|x64.Build.0 = Release|Any CPU
		{5FEA826F-FDC9-4F94-A251-A4971E198CB8}.Release|x86.ActiveCfg = Release|Any CPU
		{5FEA826F-FDC9-4F94-A251-A4971E198CB8}.Release|x86.Build.0 = Release|Any CPU
		{4338C318-1B6E-4E3B-9C79-7FE75F5B66B4}.Debug|Any CPU.ActiveCfg = Debug|Any CPU
		{4338C318-1B6E-4E3B-9C79-7FE75F5B66B4}.Debug|Any CPU.Build.0 = Debug|Any CPU
		{4338C318-1B6E-4E3B-9C79-7FE75F5B66B4}.Debug|x64.ActiveCfg = Debug|Any CPU
		{4338C318-1B6E-4E3B-9C79-7FE75F5B66B4}.Debug|x64.Build.0 = Debug|Any CPU
		{4338C318-1B6E-4E3B-9C79-7FE75F5B66B4}.Debug|x86.ActiveCfg = Debug|Any CPU
		{4338C318-1B6E-4E3B-9C79-7FE75F5B66B4}.Debug|x86.Build.0 = Debug|Any CPU
		{4338C318-1B6E-4E3B-9C79-7FE75F5B66B4}.Release|Any CPU.ActiveCfg = Release|Any CPU
		{4338C318-1B6E-4E3B-9C79-7FE75F5B66B4}.Release|Any CPU.Build.0 = Release|Any CPU
		{4338C318-1B6E-4E3B-9C79-7FE75F5B66B4}.Release|x64.ActiveCfg = Release|Any CPU
		{4338C318-1B6E-4E3B-9C79-7FE75F5B66B4}.Release|x64.Build.0 = Release|Any CPU
		{4338C318-1B6E-4E3B-9C79-7FE75F5B66B4}.Release|x86.ActiveCfg = Release|Any CPU
		{4338C318-1B6E-4E3B-9C79-7FE75F5B66B4}.Release|x86.Build.0 = Release|Any CPU
		{C4BC1B13-308E-492B-AC2B-3471DF37F943}.Debug|Any CPU.ActiveCfg = Debug|Any CPU
		{C4BC1B13-308E-492B-AC2B-3471DF37F943}.Debug|Any CPU.Build.0 = Debug|Any CPU
		{C4BC1B13-308E-492B-AC2B-3471DF37F943}.Debug|x64.ActiveCfg = Debug|Any CPU
		{C4BC1B13-308E-492B-AC2B-3471DF37F943}.Debug|x64.Build.0 = Debug|Any CPU
		{C4BC1B13-308E-492B-AC2B-3471DF37F943}.Debug|x86.ActiveCfg = Debug|Any CPU
		{C4BC1B13-308E-492B-AC2B-3471DF37F943}.Debug|x86.Build.0 = Debug|Any CPU
		{C4BC1B13-308E-492B-AC2B-3471DF37F943}.Release|Any CPU.ActiveCfg = Release|Any CPU
		{C4BC1B13-308E-492B-AC2B-3471DF37F943}.Release|Any CPU.Build.0 = Release|Any CPU
		{C4BC1B13-308E-492B-AC2B-3471DF37F943}.Release|x64.ActiveCfg = Release|Any CPU
		{C4BC1B13-308E-492B-AC2B-3471DF37F943}.Release|x64.Build.0 = Release|Any CPU
		{C4BC1B13-308E-492B-AC2B-3471DF37F943}.Release|x86.ActiveCfg = Release|Any CPU
		{C4BC1B13-308E-492B-AC2B-3471DF37F943}.Release|x86.Build.0 = Release|Any CPU
		{3B5E1D2C-70F3-4415-BC61-95B1D8FC8884}.Debug|Any CPU.ActiveCfg = Debug|Any CPU
		{3B5E1D2C-70F3-4415-BC61-95B1D8FC8884}.Debug|Any CPU.Build.0 = Debug|Any CPU
		{3B5E1D2C-70F3-4415-BC61-95B1D8FC8884}.Debug|x64.ActiveCfg = Debug|Any CPU
		{3B5E1D2C-70F3-4415-BC61-95B1D8FC8884}.Debug|x64.Build.0 = Debug|Any CPU
		{3B5E1D2C-70F3-4415-BC61-95B1D8FC8884}.Debug|x86.ActiveCfg = Debug|Any CPU
		{3B5E1D2C-70F3-4415-BC61-95B1D8FC8884}.Debug|x86.Build.0 = Debug|Any CPU
		{3B5E1D2C-70F3-4415-BC61-95B1D8FC8884}.Release|Any CPU.ActiveCfg = Release|Any CPU
		{3B5E1D2C-70F3-4415-BC61-95B1D8FC8884}.Release|Any CPU.Build.0 = Release|Any CPU
		{3B5E1D2C-70F3-4415-BC61-95B1D8FC8884}.Release|x64.ActiveCfg = Release|Any CPU
		{3B5E1D2C-70F3-4415-BC61-95B1D8FC8884}.Release|x64.Build.0 = Release|Any CPU
		{3B5E1D2C-70F3-4415-BC61-95B1D8FC8884}.Release|x86.ActiveCfg = Release|Any CPU
		{3B5E1D2C-70F3-4415-BC61-95B1D8FC8884}.Release|x86.Build.0 = Release|Any CPU
		{0C293772-61BA-4F27-93C6-E1CB011530D7}.Debug|Any CPU.ActiveCfg = Debug|Any CPU
		{0C293772-61BA-4F27-93C6-E1CB011530D7}.Debug|Any CPU.Build.0 = Debug|Any CPU
		{0C293772-61BA-4F27-93C6-E1CB011530D7}.Debug|x64.ActiveCfg = Debug|Any CPU
		{0C293772-61BA-4F27-93C6-E1CB011530D7}.Debug|x64.Build.0 = Debug|Any CPU
		{0C293772-61BA-4F27-93C6-E1CB011530D7}.Debug|x86.ActiveCfg = Debug|Any CPU
		{0C293772-61BA-4F27-93C6-E1CB011530D7}.Debug|x86.Build.0 = Debug|Any CPU
		{0C293772-61BA-4F27-93C6-E1CB011530D7}.Release|Any CPU.ActiveCfg = Release|Any CPU
		{0C293772-61BA-4F27-93C6-E1CB011530D7}.Release|Any CPU.Build.0 = Release|Any CPU
		{0C293772-61BA-4F27-93C6-E1CB011530D7}.Release|x64.ActiveCfg = Release|Any CPU
		{0C293772-61BA-4F27-93C6-E1CB011530D7}.Release|x64.Build.0 = Release|Any CPU
		{0C293772-61BA-4F27-93C6-E1CB011530D7}.Release|x86.ActiveCfg = Release|Any CPU
		{0C293772-61BA-4F27-93C6-E1CB011530D7}.Release|x86.Build.0 = Release|Any CPU
		{AD48844A-B42C-438D-A3F7-CB88CAE31176}.Debug|Any CPU.ActiveCfg = Debug|Any CPU
		{AD48844A-B42C-438D-A3F7-CB88CAE31176}.Debug|Any CPU.Build.0 = Debug|Any CPU
		{AD48844A-B42C-438D-A3F7-CB88CAE31176}.Debug|x64.ActiveCfg = Debug|Any CPU
		{AD48844A-B42C-438D-A3F7-CB88CAE31176}.Debug|x64.Build.0 = Debug|Any CPU
		{AD48844A-B42C-438D-A3F7-CB88CAE31176}.Debug|x86.ActiveCfg = Debug|Any CPU
		{AD48844A-B42C-438D-A3F7-CB88CAE31176}.Debug|x86.Build.0 = Debug|Any CPU
		{AD48844A-B42C-438D-A3F7-CB88CAE31176}.Release|Any CPU.ActiveCfg = Release|Any CPU
		{AD48844A-B42C-438D-A3F7-CB88CAE31176}.Release|Any CPU.Build.0 = Release|Any CPU
		{AD48844A-B42C-438D-A3F7-CB88CAE31176}.Release|x64.ActiveCfg = Release|Any CPU
		{AD48844A-B42C-438D-A3F7-CB88CAE31176}.Release|x64.Build.0 = Release|Any CPU
		{AD48844A-B42C-438D-A3F7-CB88CAE31176}.Release|x86.ActiveCfg = Release|Any CPU
		{AD48844A-B42C-438D-A3F7-CB88CAE31176}.Release|x86.Build.0 = Release|Any CPU
		{5DE149FB-37BD-4F17-9E0D-977039994AE6}.Debug|Any CPU.ActiveCfg = Debug|Any CPU
		{5DE149FB-37BD-4F17-9E0D-977039994AE6}.Debug|Any CPU.Build.0 = Debug|Any CPU
		{5DE149FB-37BD-4F17-9E0D-977039994AE6}.Debug|x64.ActiveCfg = Debug|Any CPU
		{5DE149FB-37BD-4F17-9E0D-977039994AE6}.Debug|x64.Build.0 = Debug|Any CPU
		{5DE149FB-37BD-4F17-9E0D-977039994AE6}.Debug|x86.ActiveCfg = Debug|Any CPU
		{5DE149FB-37BD-4F17-9E0D-977039994AE6}.Debug|x86.Build.0 = Debug|Any CPU
		{5DE149FB-37BD-4F17-9E0D-977039994AE6}.Release|Any CPU.ActiveCfg = Release|Any CPU
		{5DE149FB-37BD-4F17-9E0D-977039994AE6}.Release|Any CPU.Build.0 = Release|Any CPU
		{5DE149FB-37BD-4F17-9E0D-977039994AE6}.Release|x64.ActiveCfg = Release|Any CPU
		{5DE149FB-37BD-4F17-9E0D-977039994AE6}.Release|x64.Build.0 = Release|Any CPU
		{5DE149FB-37BD-4F17-9E0D-977039994AE6}.Release|x86.ActiveCfg = Release|Any CPU
		{5DE149FB-37BD-4F17-9E0D-977039994AE6}.Release|x86.Build.0 = Release|Any CPU
	EndGlobalSection
	GlobalSection(SolutionProperties) = preSolution
		HideSolutionNode = FALSE
	EndGlobalSection
	GlobalSection(NestedProjects) = preSolution
		{6B1FA33A-BDB7-451F-9467-193EA771077C} = {90F8B946-DE40-DBA4-E229-237F8730A3F2}
		{5FEA826F-FDC9-4F94-A251-A4971E198CB8} = {CA253913-39DE-BFD0-C9A3-4B7EC6FBDF17}
		{4338C318-1B6E-4E3B-9C79-7FE75F5B66B4} = {CA253913-39DE-BFD0-C9A3-4B7EC6FBDF17}
		{C4BC1B13-308E-492B-AC2B-3471DF37F943} = {CA253913-39DE-BFD0-C9A3-4B7EC6FBDF17}
		{3B5E1D2C-70F3-4415-BC61-95B1D8FC8884} = {CA253913-39DE-BFD0-C9A3-4B7EC6FBDF17}
		{0C293772-61BA-4F27-93C6-E1CB011530D7} = {CA253913-39DE-BFD0-C9A3-4B7EC6FBDF17}
		{AD48844A-B42C-438D-A3F7-CB88CAE31176} = {CA253913-39DE-BFD0-C9A3-4B7EC6FBDF17}
		{5DE149FB-37BD-4F17-9E0D-977039994AE6} = {CA253913-39DE-BFD0-C9A3-4B7EC6FBDF17}
	EndGlobalSection
	GlobalSection(ExtensibilityGlobals) = postSolution
		SolutionGuid = {6F969B0F-D962-4F63-BD91-3D52806C1493}
	EndGlobalSection
EndGlobal
